
Microsoft Visual Studio Solution File, Format Version 12.00
# Visual Studio 14
VisualStudioVersion = 14.0.24720.0
MinimumVisualStudioVersion = 10.0.40219.1
Project("{2150E333-8FDC-42A3-9474-1A3956D46DE8}") = "src", "src", "{5F5B5D4D-CA05-4988-A5C9-A69FE6E22D81}"
EndProject
Project("{2150E333-8FDC-42A3-9474-1A3956D46DE8}") = "Solution Items", "Solution Items", "{585EA462-7C63-4DB6-B7F0-C3E938B88A2B}"
	ProjectSection(SolutionItems) = preProject
		global.json = global.json
	EndProjectSection
EndProject
Project("{8BB2217D-0F2D-49D1-97BC-3654ED321F3B}") = "Provisioner", "src\Provisioner\Provisioner.xproj", "{9A39A139-D034-43BA-90E8-0EF7C43846D3}"
EndProject
Project("{FAE04EC0-301F-11D3-BF4B-00C04F79EFBC}") = "DispatcherConsole", "src\DispatcherConsole\DispatcherConsole.csproj", "{A30C86A7-A3E4-413F-A356-DFDA8FDAF2AC}"
EndProject
Global
	GlobalSection(SolutionConfigurationPlatforms) = preSolution
		Debug|Any CPU = Debug|Any CPU
		Release|Any CPU = Release|Any CPU
	EndGlobalSection
	GlobalSection(ProjectConfigurationPlatforms) = postSolution
		{9A39A139-D034-43BA-90E8-0EF7C43846D3}.Debug|Any CPU.ActiveCfg = Debug|Any CPU
		{9A39A139-D034-43BA-90E8-0EF7C43846D3}.Debug|Any CPU.Build.0 = Debug|Any CPU
		{9A39A139-D034-43BA-90E8-0EF7C43846D3}.Release|Any CPU.ActiveCfg = Release|Any CPU
		{9A39A139-D034-43BA-90E8-0EF7C43846D3}.Release|Any CPU.Build.0 = Release|Any CPU
		{A30C86A7-A3E4-413F-A356-DFDA8FDAF2AC}.Debug|Any CPU.ActiveCfg = Debug|Any CPU
		{A30C86A7-A3E4-413F-A356-DFDA8FDAF2AC}.Debug|Any CPU.Build.0 = Debug|Any CPU
		{A30C86A7-A3E4-413F-A356-DFDA8FDAF2AC}.Release|Any CPU.ActiveCfg = Release|Any CPU
		{A30C86A7-A3E4-413F-A356-DFDA8FDAF2AC}.Release|Any CPU.Build.0 = Release|Any CPU
	EndGlobalSection
	GlobalSection(SolutionProperties) = preSolution
		HideSolutionNode = FALSE
	EndGlobalSection
	GlobalSection(NestedProjects) = preSolution
		{9A39A139-D034-43BA-90E8-0EF7C43846D3} = {5F5B5D4D-CA05-4988-A5C9-A69FE6E22D81}
		{A30C86A7-A3E4-413F-A356-DFDA8FDAF2AC} = {5F5B5D4D-CA05-4988-A5C9-A69FE6E22D81}
	EndGlobalSection
EndGlobal
